
Microsoft Visual Studio Solution File, Format Version 12.00
# Visual Studio Version 17
VisualStudioVersion = 17.3.32811.315
MinimumVisualStudioVersion = 10.0.40219.1
Project("{9A19103F-16F7-4668-BE54-9A1E7A4F7556}") = "Blazor.SharedUI.WASM", "Blazor.SharedUI.WASM\Blazor.SharedUI.WASM.csproj", "{4C1686E6-7C53-41D1-83B9-8B601705DDFF}"
EndProject
Project("{9A19103F-16F7-4668-BE54-9A1E7A4F7556}") = "Blazor.SharedUI.MAUI", "Blazor.SharedUI.MAUI\Blazor.SharedUI.MAUI.csproj", "{607CCF05-B9FD-4A9A-A4C4-CC76133B8E75}"
EndProject
Project("{9A19103F-16F7-4668-BE54-9A1E7A4F7556}") = "Blazor.SharedUI.RCL", "Blazor.SharedUI.RCL\Blazor.SharedUI.RCL.csproj", "{0C0B1650-4E5E-4FAD-BBC8-F74062224744}"
EndProject
Project("{9A19103F-16F7-4668-BE54-9A1E7A4F7556}") = "Blazor.SharedUI.Shared", "Blazor.SharedUI.Shared\Blazor.SharedUI.Shared.csproj", "{023CA17C-97E8-4B8B-AD75-426B6FCB0657}"
EndProject
Project("{FAE04EC0-301F-11D3-BF4B-00C04F79EFBC}") = "Blazor.SharedUI.BlazorServer", "Blazor.SharedUI.BlazorServer\Blazor.SharedUI.BlazorServer.csproj", "{55E247FD-3F90-4649-A0E1-1EAED42514CE}"
EndProject
Global
	GlobalSection(SolutionConfigurationPlatforms) = preSolution
		Debug|Any CPU = Debug|Any CPU
		Release|Any CPU = Release|Any CPU
	EndGlobalSection
	GlobalSection(ProjectConfigurationPlatforms) = postSolution
		{4C1686E6-7C53-41D1-83B9-8B601705DDFF}.Debug|Any CPU.ActiveCfg = Debug|Any CPU
		{4C1686E6-7C53-41D1-83B9-8B601705DDFF}.Debug|Any CPU.Build.0 = Debug|Any CPU
		{4C1686E6-7C53-41D1-83B9-8B601705DDFF}.Release|Any CPU.ActiveCfg = Release|Any CPU
		{4C1686E6-7C53-41D1-83B9-8B601705DDFF}.Release|Any CPU.Build.0 = Release|Any CPU
		{607CCF05-B9FD-4A9A-A4C4-CC76133B8E75}.Debug|Any CPU.ActiveCfg = Debug|Any CPU
		{607CCF05-B9FD-4A9A-A4C4-CC76133B8E75}.Debug|Any CPU.Build.0 = Debug|Any CPU
		{607CCF05-B9FD-4A9A-A4C4-CC76133B8E75}.Debug|Any CPU.Deploy.0 = Debug|Any CPU
		{607CCF05-B9FD-4A9A-A4C4-CC76133B8E75}.Release|Any CPU.ActiveCfg = Release|Any CPU
		{607CCF05-B9FD-4A9A-A4C4-CC76133B8E75}.Release|Any CPU.Build.0 = Release|Any CPU
		{607CCF05-B9FD-4A9A-A4C4-CC76133B8E75}.Release|Any CPU.Deploy.0 = Release|Any CPU
		{0C0B1650-4E5E-4FAD-BBC8-F74062224744}.Debug|Any CPU.ActiveCfg = Debug|Any CPU
		{0C0B1650-4E5E-4FAD-BBC8-F74062224744}.Debug|Any CPU.Build.0 = Debug|Any CPU
		{0C0B1650-4E5E-4FAD-BBC8-F74062224744}.Release|Any CPU.ActiveCfg = Release|Any CPU
		{0C0B1650-4E5E-4FAD-BBC8-F74062224744}.Release|Any CPU.Build.0 = Release|Any CPU
		{023CA17C-97E8-4B8B-AD75-426B6FCB0657}.Debug|Any CPU.ActiveCfg = Debug|Any CPU
		{023CA17C-97E8-4B8B-AD75-426B6FCB0657}.Debug|Any CPU.Build.0 = Debug|Any CPU
		{023CA17C-97E8-4B8B-AD75-426B6FCB0657}.Release|Any CPU.ActiveCfg = Release|Any CPU
		{023CA17C-97E8-4B8B-AD75-426B6FCB0657}.Release|Any CPU.Build.0 = Release|Any CPU
		{55E247FD-3F90-4649-A0E1-1EAED42514CE}.Debug|Any CPU.ActiveCfg = Debug|Any CPU
		{55E247FD-3F90-4649-A0E1-1EAED42514CE}.Debug|Any CPU.Build.0 = Debug|Any CPU
		{55E247FD-3F90-4649-A0E1-1EAED42514CE}.Release|Any CPU.ActiveCfg = Release|Any CPU
		{55E247FD-3F90-4649-A0E1-1EAED42514CE}.Release|Any CPU.Build.0 = Release|Any CPU
	EndGlobalSection
	GlobalSection(SolutionProperties) = preSolution
		HideSolutionNode = FALSE
	EndGlobalSection
	GlobalSection(ExtensibilityGlobals) = postSolution
		SolutionGuid = {A9261611-125D-4183-9E45-9453AF39A449}
	EndGlobalSection
EndGlobal
